
Microsoft Visual Studio Solution File, Format Version 12.00
Project("{FAE04EC0-301F-11D3-BF4B-00C04F79EFBC}") = "WarriorSurvivor", "WarriorSurvivor\WarriorSurvivor.csproj", "{059F6A6A-48F9-401C-BC07-458DD1A745CD}"
EndProject
Global
	GlobalSection(SolutionConfigurationPlatforms) = preSolution
		Debug|Any CPU = Debug|Any CPU
		Release|Any CPU = Release|Any CPU
	EndGlobalSection
	GlobalSection(ProjectConfigurationPlatforms) = postSolution
		{059F6A6A-48F9-401C-BC07-458DD1A745CD}.Debug|Any CPU.ActiveCfg = Debug|Any CPU
		{059F6A6A-48F9-401C-BC07-458DD1A745CD}.Debug|Any CPU.Build.0 = Debug|Any CPU
		{059F6A6A-48F9-401C-BC07-458DD1A745CD}.Release|Any CPU.ActiveCfg = Release|Any CPU
		{059F6A6A-48F9-401C-BC07-458DD1A745CD}.Release|Any CPU.Build.0 = Release|Any CPU
	EndGlobalSection
EndGlobal
